
Microsoft Visual Studio Solution File, Format Version 12.00
# Visual Studio 2013
VisualStudioVersion = 12.0.30110.0
MinimumVisualStudioVersion = 10.0.40219.1
Project("{8BC9CEB8-8B4A-11D0-8D11-00A0C91BC942}") = "352 - The Seasonal War", "352 - The Seasonal War\352 - The Seasonal War.vcxproj", "{38B56CBA-10CB-4335-A78C-743869823949}"
EndProject
Project("{8BC9CEB8-8B4A-11D0-8D11-00A0C91BC942}") = "291 - The House Of Santa Claus", "291 - The House Of Santa Claus\291 - The House Of Santa Claus.vcxproj", "{C31DDCA9-175A-48C4-80DB-C411AD4B0D1C}"
EndProject
Project("{8BC9CEB8-8B4A-11D0-8D11-00A0C91BC942}") = "524 - Prime ring problem", "524 - Prime ring problem\524 - Prime ring problem.vcxproj", "{93036662-B952-4AF6-96A9-3EB7C17973CE}"
EndProject
Project("{8BC9CEB8-8B4A-11D0-8D11-00A0C91BC942}") = "572 - Oil Deposits", "572 - Oil Deposits\572 - Oil Deposits.vcxproj", "{E2500FCD-EFED-4250-A642-A533EF7CB59D}"
EndProject
Project("{8BC9CEB8-8B4A-11D0-8D11-00A0C91BC942}") = "750 - 8 Queens Chess Problem", "750 - 8 Queens Chess Problem\750 - 8 Queens Chess Problem.vcxproj", "{ADB69D74-8174-453C-ADAE-C8C91637A6D0}"
EndProject
Project("{8BC9CEB8-8B4A-11D0-8D11-00A0C91BC942}") = "583 - Prime Factors", "583 - Prime Factors\583 - Prime Factors.vcxproj", "{4AE94B7D-56F5-4705-9127-E1B41ED4EA7C}"
EndProject
Global
	GlobalSection(SolutionConfigurationPlatforms) = preSolution
		Debug|Win32 = Debug|Win32
		Release|Win32 = Release|Win32
	EndGlobalSection
	GlobalSection(ProjectConfigurationPlatforms) = postSolution
		{38B56CBA-10CB-4335-A78C-743869823949}.Debug|Win32.ActiveCfg = Debug|Win32
		{38B56CBA-10CB-4335-A78C-743869823949}.Debug|Win32.Build.0 = Debug|Win32
		{38B56CBA-10CB-4335-A78C-743869823949}.Release|Win32.ActiveCfg = Release|Win32
		{38B56CBA-10CB-4335-A78C-743869823949}.Release|Win32.Build.0 = Release|Win32
		{C31DDCA9-175A-48C4-80DB-C411AD4B0D1C}.Debug|Win32.ActiveCfg = Debug|Win32
		{C31DDCA9-175A-48C4-80DB-C411AD4B0D1C}.Debug|Win32.Build.0 = Debug|Win32
		{C31DDCA9-175A-48C4-80DB-C411AD4B0D1C}.Release|Win32.ActiveCfg = Release|Win32
		{C31DDCA9-175A-48C4-80DB-C411AD4B0D1C}.Release|Win32.Build.0 = Release|Win32
		{93036662-B952-4AF6-96A9-3EB7C17973CE}.Debug|Win32.ActiveCfg = Debug|Win32
		{93036662-B952-4AF6-96A9-3EB7C17973CE}.Debug|Win32.Build.0 = Debug|Win32
		{93036662-B952-4AF6-96A9-3EB7C17973CE}.Release|Win32.ActiveCfg = Release|Win32
		{93036662-B952-4AF6-96A9-3EB7C17973CE}.Release|Win32.Build.0 = Release|Win32
		{E2500FCD-EFED-4250-A642-A533EF7CB59D}.Debug|Win32.ActiveCfg = Debug|Win32
		{E2500FCD-EFED-4250-A642-A533EF7CB59D}.Debug|Win32.Build.0 = Debug|Win32
		{E2500FCD-EFED-4250-A642-A533EF7CB59D}.Release|Win32.ActiveCfg = Release|Win32
		{E2500FCD-EFED-4250-A642-A533EF7CB59D}.Release|Win32.Build.0 = Release|Win32
		{ADB69D74-8174-453C-ADAE-C8C91637A6D0}.Debug|Win32.ActiveCfg = Debug|Win32
		{ADB69D74-8174-453C-ADAE-C8C91637A6D0}.Debug|Win32.Build.0 = Debug|Win32
		{ADB69D74-8174-453C-ADAE-C8C91637A6D0}.Release|Win32.ActiveCfg = Release|Win32
		{ADB69D74-8174-453C-ADAE-C8C91637A6D0}.Release|Win32.Build.0 = Release|Win32
		{4AE94B7D-56F5-4705-9127-E1B41ED4EA7C}.Debug|Win32.ActiveCfg = Debug|Win32
		{4AE94B7D-56F5-4705-9127-E1B41ED4EA7C}.Debug|Win32.Build.0 = Debug|Win32
		{4AE94B7D-56F5-4705-9127-E1B41ED4EA7C}.Release|Win32.ActiveCfg = Release|Win32
		{4AE94B7D-56F5-4705-9127-E1B41ED4EA7C}.Release|Win32.Build.0 = Release|Win32
	EndGlobalSection
	GlobalSection(SolutionProperties) = preSolution
		HideSolutionNode = FALSE
	EndGlobalSection
EndGlobal
